
Microsoft Visual Studio Solution File, Format Version 12.00
# Visual Studio Version 16
VisualStudioVersion = 16.0.28917.181
MinimumVisualStudioVersion = 10.0.40219.1
Project("{9A19103F-16F7-4668-BE54-9A1E7A4F7556}") = "PingDong.Testing", "src\PingDong.Testing\PingDong.Testing.csproj", "{19337B61-A190-449C-A623-ACC2F5383139}"
EndProject
Project("{FAE04EC0-301F-11D3-BF4B-00C04F79EFBC}") = "PingDong.Testing.UnitTests", "src\PingDong.Testing.UnitTests\PingDong.Testing.UnitTests.csproj", "{9D29168F-88F2-4C6B-A424-8F9166913B9A}"
EndProject
Global
	GlobalSection(SolutionConfigurationPlatforms) = preSolution
		Debug|Any CPU = Debug|Any CPU
		Release|Any CPU = Release|Any CPU
	EndGlobalSection
	GlobalSection(ProjectConfigurationPlatforms) = postSolution
		{19337B61-A190-449C-A623-ACC2F5383139}.Debug|Any CPU.ActiveCfg = Debug|Any CPU
		{19337B61-A190-449C-A623-ACC2F5383139}.Debug|Any CPU.Build.0 = Debug|Any CPU
		{19337B61-A190-449C-A623-ACC2F5383139}.Release|Any CPU.ActiveCfg = Release|Any CPU
		{19337B61-A190-449C-A623-ACC2F5383139}.Release|Any CPU.Build.0 = Release|Any CPU
		{9D29168F-88F2-4C6B-A424-8F9166913B9A}.Debug|Any CPU.ActiveCfg = Debug|Any CPU
		{9D29168F-88F2-4C6B-A424-8F9166913B9A}.Debug|Any CPU.Build.0 = Debug|Any CPU
		{9D29168F-88F2-4C6B-A424-8F9166913B9A}.Release|Any CPU.ActiveCfg = Release|Any CPU
		{9D29168F-88F2-4C6B-A424-8F9166913B9A}.Release|Any CPU.Build.0 = Release|Any CPU
	EndGlobalSection
	GlobalSection(SolutionProperties) = preSolution
		HideSolutionNode = FALSE
	EndGlobalSection
	GlobalSection(ExtensibilityGlobals) = postSolution
		SolutionGuid = {29B537D5-7BAA-42B1-A832-0B4FBD18C740}
	EndGlobalSection
EndGlobal
